// !$*UTF8*$!
{
	archiveVersion = 1;
	classes = {
	};
	objectVersion = 50;
	objects = {

/* Begin PBXBuildFile section */
		637FACE3215BEA8D005976A2 /* AppDelegate.swift in Sources */ = {isa = PBXBuildFile; fileRef = 637FACE2215BEA8D005976A2 /* AppDelegate.swift */; };
		637FACE8215BEA8D005976A2 /* Main.storyboard in Resources */ = {isa = PBXBuildFile; fileRef = 637FACE6215BEA8D005976A2 /* Main.storyboard */; };
		637FACEA215BEA90005976A2 /* Assets.xcassets in Resources */ = {isa = PBXBuildFile; fileRef = 637FACE9215BEA90005976A2 /* Assets.xcassets */; };
		637FACED215BEA90005976A2 /* LaunchScreen.storyboard in Resources */ = {isa = PBXBuildFile; fileRef = 637FACEB215BEA90005976A2 /* LaunchScreen.storyboard */; };
		637FACF7215BF377005976A2 /* WeatherViewController.swift in Sources */ = {isa = PBXBuildFile; fileRef = 637FACF6215BF377005976A2 /* WeatherViewController.swift */; };
		637FACF9215BF3FD005976A2 /* ChangeCityViewController.swift in Sources */ = {isa = PBXBuildFile; fileRef = 637FACF8215BF3FD005976A2 /* ChangeCityViewController.swift */; };
		637FAD00215C0381005976A2 /* WeatherTableViewCell.swift in Sources */ = {isa = PBXBuildFile; fileRef = 637FACFE215C0381005976A2 /* WeatherTableViewCell.swift */; };
		637FAD01215C0381005976A2 /* WeatherCell.xib in Resources */ = {isa = PBXBuildFile; fileRef = 637FACFF215C0381005976A2 /* WeatherCell.xib */; };
		A9D7298457FE99FBE1BCD267 /* Pods_Forecast.framework in Frameworks */ = {isa = PBXBuildFile; fileRef = 7E304B22B0ECDFD56E6E7A45 /* Pods_Forecast.framework */; };
/* End PBXBuildFile section */

/* Begin PBXFileReference section */
		221CA327192A1FEFDEE542FD /* Pods-Forecast.debug.xcconfig */ = {isa = PBXFileReference; includeInIndex = 1; lastKnownFileType = text.xcconfig; name = "Pods-Forecast.debug.xcconfig"; path = "Pods/Target Support Files/Pods-Forecast/Pods-Forecast.debug.xcconfig"; sourceTree = "<group>"; };
		637FACDF215BEA8D005976A2 /* Forecast.app */ = {isa = PBXFileReference; explicitFileType = wrapper.application; includeInIndex = 0; path = Forecast.app; sourceTree = BUILT_PRODUCTS_DIR; };
		637FACE2215BEA8D005976A2 /* AppDelegate.swift */ = {isa = PBXFileReference; lastKnownFileType = sourcecode.swift; path = AppDelegate.swift; sourceTree = "<group>"; };
		637FACE7215BEA8D005976A2 /* Base */ = {isa = PBXFileReference; lastKnownFileType = file.storyboard; name = Base; path = Base.lproj/Main.storyboard; sourceTree = "<group>"; };
		637FACE9215BEA90005976A2 /* Assets.xcassets */ = {isa = PBXFileReference; lastKnownFileType = folder.assetcatalog; path = Assets.xcassets; sourceTree = "<group>"; };
		637FACEC215BEA90005976A2 /* Base */ = {isa = PBXFileReference; lastKnownFileType = file.storyboard; name = Base; path = Base.lproj/LaunchScreen.storyboard; sourceTree = "<group>"; };
		637FACEE215BEA90005976A2 /* Info.plist */ = {isa = PBXFileReference; lastKnownFileType = text.plist.xml; path = Info.plist; sourceTree = "<group>"; };
		637FACF6215BF377005976A2 /* WeatherViewController.swift */ = {isa = PBXFileReference; lastKnownFileType = sourcecode.swift; path = WeatherViewController.swift; sourceTree = "<group>"; };
		637FACF8215BF3FD005976A2 /* ChangeCityViewController.swift */ = {isa = PBXFileReference; lastKnownFileType = sourcecode.swift; path = ChangeCityViewController.swift; sourceTree = "<group>"; };
		637FACFE215C0381005976A2 /* WeatherTableViewCell.swift */ = {isa = PBXFileReference; lastKnownFileType = sourcecode.swift; path = WeatherTableViewCell.swift; sourceTree = "<group>"; };
		637FACFF215C0381005976A2 /* WeatherCell.xib */ = {isa = PBXFileReference; lastKnownFileType = file.xib; path = WeatherCell.xib; sourceTree = "<group>"; };
		7E304B22B0ECDFD56E6E7A45 /* Pods_Forecast.framework */ = {isa = PBXFileReference; explicitFileType = wrapper.framework; includeInIndex = 0; path = Pods_Forecast.framework; sourceTree = BUILT_PRODUCTS_DIR; };
		9FB20BE8E12B146A0404F748 /* Pods-Forecast.release.xcconfig */ = {isa = PBXFileReference; includeInIndex = 1; lastKnownFileType = text.xcconfig; name = "Pods-Forecast.release.xcconfig"; path = "Pods/Target Support Files/Pods-Forecast/Pods-Forecast.release.xcconfig"; sourceTree = "<group>"; };
/* End PBXFileReference section */

/* Begin PBXFrameworksBuildPhase section */
		637FACDC215BEA8D005976A2 /* Frameworks */ = {
			isa = PBXFrameworksBuildPhase;
			buildActionMask = 2147483647;
			files = (
				A9D7298457FE99FBE1BCD267 /* Pods_Forecast.framework in Frameworks */,
			);
			runOnlyForDeploymentPostprocessing = 0;
		};
/* End PBXFrameworksBuildPhase section */

/* Begin PBXGroup section */
		212D5B697B6D72C07F692A19 /* Pods */ = {
			isa = PBXGroup;
			children = (
				221CA327192A1FEFDEE542FD /* Pods-Forecast.debug.xcconfig */,
				9FB20BE8E12B146A0404F748 /* Pods-Forecast.release.xcconfig */,
			);
			name = Pods;
			sourceTree = "<group>";
		};
		637FACD6215BEA8D005976A2 = {
			isa = PBXGroup;
			children = (
				637FACE1215BEA8D005976A2 /* Forecast */,
				637FACE0215BEA8D005976A2 /* Products */,
				212D5B697B6D72C07F692A19 /* Pods */,
				8187A12A88FEDA4D84820661 /* Frameworks */,
			);
			sourceTree = "<group>";
		};
		637FACE0215BEA8D005976A2 /* Products */ = {
			isa = PBXGroup;
			children = (
				637FACDF215BEA8D005976A2 /* Forecast.app */,
			);
			name = Products;
			sourceTree = "<group>";
		};
		637FACE1215BEA8D005976A2 /* Forecast */ = {
			isa = PBXGroup;
			children = (
				637FACFD215C02E7005976A2 /* Model */,
				637FACFB215C02C6005976A2 /* View */,
				637FACFA215C02BC005976A2 /* Controller */,
				637FACFC215C02D5005976A2 /* Supporting Files */,
				637FACEE215BEA90005976A2 /* Info.plist */,
			);
			path = Forecast;
			sourceTree = "<group>";
		};
		637FACFA215C02BC005976A2 /* Controller */ = {
			isa = PBXGroup;
			children = (
				637FACE2215BEA8D005976A2 /* AppDelegate.swift */,
				637FACF6215BF377005976A2 /* WeatherViewController.swift */,
				637FACFE215C0381005976A2 /* WeatherTableViewCell.swift */,
				637FACF8215BF3FD005976A2 /* ChangeCityViewController.swift */,
			);
			path = Controller;
			sourceTree = "<group>";
		};
		637FACFB215C02C6005976A2 /* View */ = {
			isa = PBXGroup;
			children = (
				637FACE6215BEA8D005976A2 /* Main.storyboard */,
				637FACFF215C0381005976A2 /* WeatherCell.xib */,
			);
			path = View;
			sourceTree = "<group>";
		};
		637FACFC215C02D5005976A2 /* Supporting Files */ = {
			isa = PBXGroup;
			children = (
				637FACE9215BEA90005976A2 /* Assets.xcassets */,
				637FACEB215BEA90005976A2 /* LaunchScreen.storyboard */,
			);
			path = "Supporting Files";
			sourceTree = "<group>";
		};
		637FACFD215C02E7005976A2 /* Model */ = {
			isa = PBXGroup;
			children = (
			);
			path = Model;
			sourceTree = "<group>";
		};
		8187A12A88FEDA4D84820661 /* Frameworks */ = {
			isa = PBXGroup;
			children = (
				7E304B22B0ECDFD56E6E7A45 /* Pods_Forecast.framework */,
			);
			name = Frameworks;
			sourceTree = "<group>";
		};
/* End PBXGroup section */

/* Begin PBXNativeTarget section */
		637FACDE215BEA8D005976A2 /* Forecast */ = {
			isa = PBXNativeTarget;
			buildConfigurationList = 637FACF1215BEA90005976A2 /* Build configuration list for PBXNativeTarget "Forecast" */;
			buildPhases = (
				263E910D0D54A00E2B1BBBB7 /* [CP] Check Pods Manifest.lock */,
				637FACDB215BEA8D005976A2 /* Sources */,
				637FACDC215BEA8D005976A2 /* Frameworks */,
				637FACDD215BEA8D005976A2 /* Resources */,
				6F22FA97C0539444A1D7A362 /* [CP] Embed Pods Frameworks */,
			);
			buildRules = (
			);
			dependencies = (
			);
			name = Forecast;
			productName = Forecast;
			productReference = 637FACDF215BEA8D005976A2 /* Forecast.app */;
			productType = "com.apple.product-type.application";
		};
/* End PBXNativeTarget section */

/* Begin PBXProject section */
		637FACD7215BEA8D005976A2 /* Project object */ = {
			isa = PBXProject;
			attributes = {
				LastSwiftUpdateCheck = 1000;
				LastUpgradeCheck = 1000;
				ORGANIZATIONNAME = Mirlintox;
				TargetAttributes = {
					637FACDE215BEA8D005976A2 = {
						CreatedOnToolsVersion = 10.0;
					};
				};
			};
			buildConfigurationList = 637FACDA215BEA8D005976A2 /* Build configuration list for PBXProject "Forecast" */;
			compatibilityVersion = "Xcode 9.3";
			developmentRegion = en;
			hasScannedForEncodings = 0;
			knownRegions = (
				en,
				Base,
			);
			mainGroup = 637FACD6215BEA8D005976A2;
			productRefGroup = 637FACE0215BEA8D005976A2 /* Products */;
			projectDirPath = "";
			projectRoot = "";
			targets = (
				637FACDE215BEA8D005976A2 /* Forecast */,
			);
		};
/* End PBXProject section */

/* Begin PBXResourcesBuildPhase section */
		637FACDD215BEA8D005976A2 /* Resources */ = {
			isa = PBXResourcesBuildPhase;
			buildActionMask = 2147483647;
			files = (
				637FAD01215C0381005976A2 /* WeatherCell.xib in Resources */,
				637FACED215BEA90005976A2 /* LaunchScreen.storyboard in Resources */,
				637FACEA215BEA90005976A2 /* Assets.xcassets in Resources */,
				637FACE8215BEA8D005976A2 /* Main.storyboard in Resources */,
			);
			runOnlyForDeploymentPostprocessing = 0;
		};
/* End PBXResourcesBuildPhase section */

/* Begin PBXShellScriptBuildPhase section */
		263E910D0D54A00E2B1BBBB7 /* [CP] Check Pods Manifest.lock */ = {
			isa = PBXShellScriptBuildPhase;
			buildActionMask = 2147483647;
			files = (
			);
			inputFileListPaths = (
			);
			inputPaths = (
				"${PODS_PODFILE_DIR_PATH}/Podfile.lock",
				"${PODS_ROOT}/Manifest.lock",
			);
			name = "[CP] Check Pods Manifest.lock";
			outputFileListPaths = (
			);
			outputPaths = (
				"$(DERIVED_FILE_DIR)/Pods-Forecast-checkManifestLockResult.txt",
			);
			runOnlyForDeploymentPostprocessing = 0;
			shellPath = /bin/sh;
			shellScript = "diff \"${PODS_PODFILE_DIR_PATH}/Podfile.lock\" \"${PODS_ROOT}/Manifest.lock\" > /dev/null\nif [ $? != 0 ] ; then\n    # print error to STDERR\n    echo \"error: The sandbox is not in sync with the Podfile.lock. Run 'pod install' or update your CocoaPods installation.\" >&2\n    exit 1\nfi\n# This output is used by Xcode 'outputs' to avoid re-running this script phase.\necho \"SUCCESS\" > \"${SCRIPT_OUTPUT_FILE_0}\"\n";
			showEnvVarsInLog = 0;
		};
		6F22FA97C0539444A1D7A362 /* [CP] Embed Pods Frameworks */ = {
			isa = PBXShellScriptBuildPhase;
			buildActionMask = 2147483647;
			files = (
			);
			inputFileListPaths = (
			);
			inputPaths = (
				"${SRCROOT}/Pods/Target Support Files/Pods-Forecast/Pods-Forecast-frameworks.sh",
				"${BUILT_PRODUCTS_DIR}/Alamofire/Alamofire.framework",
				"${BUILT_PRODUCTS_DIR}/Realm/Realm.framework",
				"${BUILT_PRODUCTS_DIR}/RealmSwift/RealmSwift.framework",
				"${BUILT_PRODUCTS_DIR}/SVProgressHUD/SVProgressHUD.framework",
				"${BUILT_PRODUCTS_DIR}/SwiftyJSON/SwiftyJSON.framework",
				"${BUILT_PRODUCTS_DIR}/Toast-Swift/Toast_Swift.framework",
			);
			name = "[CP] Embed Pods Frameworks";
			outputFileListPaths = (
			);
			outputPaths = (
				"${TARGET_BUILD_DIR}/${FRAMEWORKS_FOLDER_PATH}/Alamofire.framework",
				"${TARGET_BUILD_DIR}/${FRAMEWORKS_FOLDER_PATH}/Realm.framework",
				"${TARGET_BUILD_DIR}/${FRAMEWORKS_FOLDER_PATH}/RealmSwift.framework",
				"${TARGET_BUILD_DIR}/${FRAMEWORKS_FOLDER_PATH}/SVProgressHUD.framework",
				"${TARGET_BUILD_DIR}/${FRAMEWORKS_FOLDER_PATH}/SwiftyJSON.framework",
				"${TARGET_BUILD_DIR}/${FRAMEWORKS_FOLDER_PATH}/Toast_Swift.framework",
			);
			runOnlyForDeploymentPostprocessing = 0;
			shellPath = /bin/sh;
			shellScript = "\"${SRCROOT}/Pods/Target Support Files/Pods-Forecast/Pods-Forecast-frameworks.sh\"\n";
			showEnvVarsInLog = 0;
		};
/* End PBXShellScriptBuildPhase section */

/* Begin PBXSourcesBuildPhase section */
		637FACDB215BEA8D005976A2 /* Sources */ = {
			isa = PBXSourcesBuildPhase;
			buildActionMask = 2147483647;
			files = (
				637FAD00215C0381005976A2 /* WeatherTableViewCell.swift in Sources */,
				637FACE3215BEA8D005976A2 /* AppDelegate.swift in Sources */,
				637FACF7215BF377005976A2 /* WeatherViewController.swift in Sources */,
				637FACF9215BF3FD005976A2 /* ChangeCityViewController.swift in Sources */,
			);
			runOnlyForDeploymentPostprocessing = 0;
		};
/* End PBXSourcesBuildPhase section */

/* Begin PBXVariantGroup section */
		637FACE6215BEA8D005976A2 /* Main.storyboard */ = {
			isa = PBXVariantGroup;
			children = (
				637FACE7215BEA8D005976A2 /* Base */,
			);
			name = Main.storyboard;
			sourceTree = "<group>";
		};
		637FACEB215BEA90005976A2 /* LaunchScreen.storyboard */ = {
			isa = PBXVariantGroup;
			children = (
				637FACEC215BEA90005976A2 /* Base */,
			);
			name = LaunchScreen.storyboard;
			sourceTree = "<group>";
		};
/* End PBXVariantGroup section */

/* Begin XCBuildConfiguration section */
		637FACEF215BEA90005976A2 /* Debug */ = {
			isa = XCBuildConfiguration;
			buildSettings = {
				ALWAYS_SEARCH_USER_PATHS = NO;
				CLANG_ANALYZER_NONNULL = YES;
				CLANG_ANALYZER_NUMBER_OBJECT_CONVERSION = YES_AGGRESSIVE;
				CLANG_CXX_LANGUAGE_STANDARD = "gnu++14";
				CLANG_CXX_LIBRARY = "libc++";
				CLANG_ENABLE_MODULES = YES;
				CLANG_ENABLE_OBJC_ARC = YES;
				CLANG_ENABLE_OBJC_WEAK = YES;
				CLANG_WARN_BLOCK_CAPTURE_AUTORELEASING = YES;
				CLANG_WARN_BOOL_CONVERSION = YES;
				CLANG_WARN_COMMA = YES;
				CLANG_WARN_CONSTANT_CONVERSION = YES;
				CLANG_WARN_DEPRECATED_OBJC_IMPLEMENTATIONS = YES;
				CLANG_WARN_DIRECT_OBJC_ISA_USAGE = YES_ERROR;
				CLANG_WARN_DOCUMENTATION_COMMENTS = YES;
				CLANG_WARN_EMPTY_BODY = YES;
				CLANG_WARN_ENUM_CONVERSION = YES;
				CLANG_WARN_INFINITE_RECURSION = YES;
				CLANG_WARN_INT_CONVERSION = YES;
				CLANG_WARN_NON_LITERAL_NULL_CONVERSION = YES;
				CLANG_WARN_OBJC_IMPLICIT_RETAIN_SELF = YES;
				CLANG_WARN_OBJC_LITERAL_CONVERSION = YES;
				CLANG_WARN_OBJC_ROOT_CLASS = YES_ERROR;
				CLANG_WARN_RANGE_LOOP_ANALYSIS = YES;
				CLANG_WARN_STRICT_PROTOTYPES = YES;
				CLANG_WARN_SUSPICIOUS_MOVE = YES;
				CLANG_WARN_UNGUARDED_AVAILABILITY = YES_AGGRESSIVE;
				CLANG_WARN_UNREACHABLE_CODE = YES;
				CLANG_WARN__DUPLICATE_METHOD_MATCH = YES;
				CODE_SIGN_IDENTITY = "iPhone Developer";
				COPY_PHASE_STRIP = NO;
				DEBUG_INFORMATION_FORMAT = dwarf;
				ENABLE_STRICT_OBJC_MSGSEND = YES;
				ENABLE_TESTABILITY = YES;
				GCC_C_LANGUAGE_STANDARD = gnu11;
				GCC_DYNAMIC_NO_PIC = NO;
				GCC_NO_COMMON_BLOCKS = YES;
				GCC_OPTIMIZATION_LEVEL = 0;
				GCC_PREPROCESSOR_DEFINITIONS = (
					"DEBUG=1",
					"$(inherited)",
				);
				GCC_WARN_64_TO_32_BIT_CONVERSION = YES;
				GCC_WARN_ABOUT_RETURN_TYPE = YES_ERROR;
				GCC_WARN_UNDECLARED_SELECTOR = YES;
				GCC_WARN_UNINITIALIZED_AUTOS = YES_AGGRESSIVE;
				GCC_WARN_UNUSED_FUNCTION = YES;
				GCC_WARN_UNUSED_VARIABLE = YES;
				IPHONEOS_DEPLOYMENT_TARGET = 12.0;
				MTL_ENABLE_DEBUG_INFO = INCLUDE_SOURCE;
				MTL_FAST_MATH = YES;
				ONLY_ACTIVE_ARCH = YES;
				SDKROOT = iphoneos;
				SWIFT_ACTIVE_COMPILATION_CONDITIONS = DEBUG;
				SWIFT_OPTIMIZATION_LEVEL = "-Onone";
			};
			name = Debug;
		};
		637FACF0215BEA90005976A2 /* Release */ = {
			isa = XCBuildConfiguration;
			buildSettings = {
				ALWAYS_SEARCH_USER_PATHS = NO;
				CLANG_ANALYZER_NONNULL = YES;
				CLANG_ANALYZER_NUMBER_OBJECT_CONVERSION = YES_AGGRESSIVE;
				CLANG_CXX_LANGUAGE_STANDARD = "gnu++14";
				CLANG_CXX_LIBRARY = "libc++";
				CLANG_ENABLE_MODULES = YES;
				CLANG_ENABLE_OBJC_ARC = YES;
				CLANG_ENABLE_OBJC_WEAK = YES;
				CLANG_WARN_BLOCK_CAPTURE_AUTORELEASING = YES;
				CLANG_WARN_BOOL_CONVERSION = YES;
				CLANG_WARN_COMMA = YES;
				CLANG_WARN_CONSTANT_CONVERSION = YES;
				CLANG_WARN_DEPRECATED_OBJC_IMPLEMENTATIONS = YES;
				CLANG_WARN_DIRECT_OBJC_ISA_USAGE = YES_ERROR;
				CLANG_WARN_DOCUMENTATION_COMMENTS = YES;
				CLANG_WARN_EMPTY_BODY = YES;
				CLANG_WARN_ENUM_CONVERSION = YES;
				CLANG_WARN_INFINITE_RECURSION = YES;
				CLANG_WARN_INT_CONVERSION = YES;
				CLANG_WARN_NON_LITERAL_NULL_CONVERSION = YES;
				CLANG_WARN_OBJC_IMPLICIT_RETAIN_SELF = YES;
				CLANG_WARN_OBJC_LITERAL_CONVERSION = YES;
				CLANG_WARN_OBJC_ROOT_CLASS = YES_ERROR;
				CLANG_WARN_RANGE_LOOP_ANALYSIS = YES;
				CLANG_WARN_STRICT_PROTOTYPES = YES;
				CLANG_WARN_SUSPICIOUS_MOVE = YES;
				CLANG_WARN_UNGUARDED_AVAILABILITY = YES_AGGRESSIVE;
				CLANG_WARN_UNREACHABLE_CODE = YES;
				CLANG_WARN__DUPLICATE_METHOD_MATCH = YES;
				CODE_SIGN_IDENTITY = "iPhone Developer";
				COPY_PHASE_STRIP = NO;
				DEBUG_INFORMATION_FORMAT = "dwarf-with-dsym";
				ENABLE_NS_ASSERTIONS = NO;
				ENABLE_STRICT_OBJC_MSGSEND = YES;
				GCC_C_LANGUAGE_STANDARD = gnu11;
				GCC_NO_COMMON_BLOCKS = YES;
				GCC_WARN_64_TO_32_BIT_CONVERSION = YES;
				GCC_WARN_ABOUT_RETURN_TYPE = YES_ERROR;
				GCC_WARN_UNDECLARED_SELECTOR = YES;
				GCC_WARN_UNINITIALIZED_AUTOS = YES_AGGRESSIVE;
				GCC_WARN_UNUSED_FUNCTION = YES;
				GCC_WARN_UNUSED_VARIABLE = YES;
				IPHONEOS_DEPLOYMENT_TARGET = 12.0;
				MTL_ENABLE_DEBUG_INFO = NO;
				MTL_FAST_MATH = YES;
				SDKROOT = iphoneos;
				SWIFT_COMPILATION_MODE = wholemodule;
				SWIFT_OPTIMIZATION_LEVEL = "-O";
				VALIDATE_PRODUCT = YES;
			};
			name = Release;
		};
		637FACF2215BEA90005976A2 /* Debug */ = {
			isa = XCBuildConfiguration;
			baseConfigurationReference = 221CA327192A1FEFDEE542FD /* Pods-Forecast.debug.xcconfig */;
			buildSettings = {
				ASSETCATALOG_COMPILER_APPICON_NAME = AppIcon;
				CODE_SIGN_STYLE = Automatic;
				DEVELOPMENT_TEAM = T58BTBUXQN;
				INFOPLIST_FILE = Forecast/Info.plist;
				LD_RUNPATH_SEARCH_PATHS = (
					"$(inherited)",
					"@executable_path/Frameworks",
				);
				PRODUCT_BUNDLE_IDENTIFIER = com.mirlintox.Clima;
				PRODUCT_NAME = "$(TARGET_NAME)";
				SWIFT_VERSION = 4.2;
				TARGETED_DEVICE_FAMILY = 1;
			};
			name = Debug;
		};
		637FACF3215BEA90005976A2 /* Release */ = {
			isa = XCBuildConfiguration;
			baseConfigurationReference = 9FB20BE8E12B146A0404F748 /* Pods-Forecast.release.xcconfig */;
			buildSettings = {
				ASSETCATALOG_COMPILER_APPICON_NAME = AppIcon;
				CODE_SIGN_STYLE = Automatic;
				DEVELOPMENT_TEAM = T58BTBUXQN;
				INFOPLIST_FILE = Forecast/Info.plist;
				LD_RUNPATH_SEARCH_PATHS = (
					"$(inherited)",
					"@executable_path/Frameworks",
				);
				PRODUCT_BUNDLE_IDENTIFIER = com.mirlintox.Clima;
				PRODUCT_NAME = "$(TARGET_NAME)";
				SWIFT_VERSION = 4.2;
				TARGETED_DEVICE_FAMILY = 1;
			};
			name = Release;
		};
/* End XCBuildConfiguration section */

/* Begin XCConfigurationList section */
		637FACDA215BEA8D005976A2 /* Build configuration list for PBXProject "Forecast" */ = {
			isa = XCConfigurationList;
			buildConfigurations = (
				637FACEF215BEA90005976A2 /* Debug */,
				637FACF0215BEA90005976A2 /* Release */,
			);
			defaultConfigurationIsVisible = 0;
			defaultConfigurationName = Release;
		};
		637FACF1215BEA90005976A2 /* Build configuration list for PBXNativeTarget "Forecast" */ = {
			isa = XCConfigurationList;
			buildConfigurations = (
				637FACF2215BEA90005976A2 /* Debug */,
				637FACF3215BEA90005976A2 /* Release */,
			);
			defaultConfigurationIsVisible = 0;
			defaultConfigurationName = Release;
		};
/* End XCConfigurationList section */
	};
	rootObject = 637FACD7215BEA8D005976A2 /* Project object */;
}
